
Microsoft Visual Studio Solution File, Format Version 12.00
# Visual Studio Version 17
VisualStudioVersion = 17.5.33530.505
MinimumVisualStudioVersion = 10.0.40219.1
Project("{FAE04EC0-301F-11D3-BF4B-00C04F79EFBC}") = "testApiInterview1", "testApiInterview1\testApiInterview1.csproj", "{93E63DAF-2711-4B4E-AC6E-38606928F204}"
EndProject
Global
	GlobalSection(SolutionConfigurationPlatforms) = preSolution
		Debug|Any CPU = Debug|Any CPU
		Release|Any CPU = Release|Any CPU
	EndGlobalSection
	GlobalSection(ProjectConfigurationPlatforms) = postSolution
		{93E63DAF-2711-4B4E-AC6E-38606928F204}.Debug|Any CPU.ActiveCfg = Debug|Any CPU
		{93E63DAF-2711-4B4E-AC6E-38606928F204}.Debug|Any CPU.Build.0 = Debug|Any CPU
		{93E63DAF-2711-4B4E-AC6E-38606928F204}.Release|Any CPU.ActiveCfg = Release|Any CPU
		{93E63DAF-2711-4B4E-AC6E-38606928F204}.Release|Any CPU.Build.0 = Release|Any CPU
	EndGlobalSection
	GlobalSection(SolutionProperties) = preSolution
		HideSolutionNode = FALSE
	EndGlobalSection
	GlobalSection(ExtensibilityGlobals) = postSolution
		SolutionGuid = {A89E066B-25D1-46D7-AD6B-B84F9900EE57}
	EndGlobalSection
EndGlobal
